
Microsoft Visual Studio Solution File, Format Version 12.00
# Visual Studio Version 17
VisualStudioVersion = 17.10.35013.160
MinimumVisualStudioVersion = 10.0.40219.1
Project("{FAE04EC0-301F-11D3-BF4B-00C04F79EFBC}") = "Inheritance 1", "Inheritance 1\Inheritance 1.csproj", "{F097D8B1-0067-4F08-9DAC-15268E5C6378}"
EndProject
Global
	GlobalSection(SolutionConfigurationPlatforms) = preSolution
		Debug|Any CPU = Debug|Any CPU
		Release|Any CPU = Release|Any CPU
	EndGlobalSection
	GlobalSection(ProjectConfigurationPlatforms) = postSolution
		{F097D8B1-0067-4F08-9DAC-15268E5C6378}.Debug|Any CPU.ActiveCfg = Debug|Any CPU
		{F097D8B1-0067-4F08-9DAC-15268E5C6378}.Debug|Any CPU.Build.0 = Debug|Any CPU
		{F097D8B1-0067-4F08-9DAC-15268E5C6378}.Release|Any CPU.ActiveCfg = Release|Any CPU
		{F097D8B1-0067-4F08-9DAC-15268E5C6378}.Release|Any CPU.Build.0 = Release|Any CPU
	EndGlobalSection
	GlobalSection(SolutionProperties) = preSolution
		HideSolutionNode = FALSE
	EndGlobalSection
	GlobalSection(ExtensibilityGlobals) = postSolution
		SolutionGuid = {20467D0F-C975-4E20-B45D-D20A7C7FF549}
	EndGlobalSection
EndGlobal
